
Microsoft Visual Studio Solution File, Format Version 12.00
# Visual Studio 15
VisualStudioVersion = 15.0.28010.2036
MinimumVisualStudioVersion = 10.0.40219.1
Project("{FAE04EC0-301F-11D3-BF4B-00C04F79EFBC}") = "TowerDefense", "TowerDefense\TowerDefense.csproj", "{CA149059-6118-4C66-93D9-D9AFED901322}"
EndProject
Global
	GlobalSection(SolutionConfigurationPlatforms) = preSolution
		Debug|Any CPU = Debug|Any CPU
		Release|Any CPU = Release|Any CPU
	EndGlobalSection
	GlobalSection(ProjectConfigurationPlatforms) = postSolution
		{CA149059-6118-4C66-93D9-D9AFED901322}.Debug|Any CPU.ActiveCfg = Debug|Any CPU
		{CA149059-6118-4C66-93D9-D9AFED901322}.Debug|Any CPU.Build.0 = Debug|Any CPU
		{CA149059-6118-4C66-93D9-D9AFED901322}.Release|Any CPU.ActiveCfg = Release|Any CPU
		{CA149059-6118-4C66-93D9-D9AFED901322}.Release|Any CPU.Build.0 = Release|Any CPU
	EndGlobalSection
	GlobalSection(SolutionProperties) = preSolution
		HideSolutionNode = FALSE
	EndGlobalSection
	GlobalSection(ExtensibilityGlobals) = postSolution
		SolutionGuid = {73B254A8-E0E0-423B-8814-FFE557836EDA}
	EndGlobalSection
EndGlobal
